
Microsoft Visual Studio Solution File, Format Version 12.00
# Visual Studio 15
VisualStudioVersion = 15.0.27130.2027
MinimumVisualStudioVersion = 10.0.40219.1
Project("{FAE04EC0-301F-11D3-BF4B-00C04F79EFBC}") = "DushinWebApp", "DushinWebApp\DushinWebApp.csproj", "{2DBE2BF8-0F17-46BA-AE50-57E7F9895351}"
EndProject
Global
	GlobalSection(SolutionConfigurationPlatforms) = preSolution
		Debug|Any CPU = Debug|Any CPU
		Release|Any CPU = Release|Any CPU
	EndGlobalSection
	GlobalSection(ProjectConfigurationPlatforms) = postSolution
		{2DBE2BF8-0F17-46BA-AE50-57E7F9895351}.Debug|Any CPU.ActiveCfg = Debug|Any CPU
		{2DBE2BF8-0F17-46BA-AE50-57E7F9895351}.Debug|Any CPU.Build.0 = Debug|Any CPU
		{2DBE2BF8-0F17-46BA-AE50-57E7F9895351}.Release|Any CPU.ActiveCfg = Release|Any CPU
		{2DBE2BF8-0F17-46BA-AE50-57E7F9895351}.Release|Any CPU.Build.0 = Release|Any CPU
	EndGlobalSection
	GlobalSection(SolutionProperties) = preSolution
		HideSolutionNode = FALSE
	EndGlobalSection
	GlobalSection(ExtensibilityGlobals) = postSolution
		SolutionGuid = {D9A8AA9E-54EB-4E3B-9297-F6E866DF3266}
	EndGlobalSection
EndGlobal
